
Microsoft Visual Studio Solution File, Format Version 12.00
# Visual Studio 15
VisualStudioVersion = 15.0.28307.1321
MinimumVisualStudioVersion = 10.0.40219.1
Project("{FAE04EC0-301F-11D3-BF4B-00C04F79EFBC}") = "WebApplication1", "WebApplication1\WebApplication1.csproj", "{7B7F31A3-0C31-44EE-A587-E59E52D41AB0}"
EndProject
Global
	GlobalSection(SolutionConfigurationPlatforms) = preSolution
		Debug|Any CPU = Debug|Any CPU
		Release|Any CPU = Release|Any CPU
	EndGlobalSection
	GlobalSection(ProjectConfigurationPlatforms) = postSolution
		{7B7F31A3-0C31-44EE-A587-E59E52D41AB0}.Debug|Any CPU.ActiveCfg = Debug|Any CPU
		{7B7F31A3-0C31-44EE-A587-E59E52D41AB0}.Debug|Any CPU.Build.0 = Debug|Any CPU
		{7B7F31A3-0C31-44EE-A587-E59E52D41AB0}.Release|Any CPU.ActiveCfg = Release|Any CPU
		{7B7F31A3-0C31-44EE-A587-E59E52D41AB0}.Release|Any CPU.Build.0 = Release|Any CPU
	EndGlobalSection
	GlobalSection(SolutionProperties) = preSolution
		HideSolutionNode = FALSE
	EndGlobalSection
	GlobalSection(ExtensibilityGlobals) = postSolution
		SolutionGuid = {D7DDDF74-3A3E-4192-8D6F-C36A1F0C1BD6}
	EndGlobalSection
EndGlobal
